PODS:
  - BRPickerView (2.7.3):
    - BRPickerView/AddressPickerView (= 2.7.3)
    - BRPickerView/Base (= 2.7.3)
    - BRPickerView/DatePickerView (= 2.7.3)
    - BRPickerView/StringPickerView (= 2.7.3)
  - BRPickerView/AddressPickerView (2.7.3):
    - BRPickerView/Base
  - BRPickerView/Base (2.7.3)
  - BRPickerView/DatePickerView (2.7.3):
    - BRPickerView/Base
  - BRPickerView/StringPickerView (2.7.3):
    - BRPickerView/Base
  - CYLTabBarController (1.29.0):
    - CYLTabBarController/Core (= 1.29.0)
  - CYLTabBarController/Core (1.29.0)
  - IQKeyboardManager (6.5.6)
  - JCore (2.7.1)
  - JPush (4.3.0):
    - JCore (< 3.0.0, >= 2.0.0)
  - LBXAlertAction (1.0.3)
  - lottie-ios (2.5.3)
  - Ono (2.1.2)
  - PNChart (0.8.9):
    - UICountingLabel (~> 1.2.0)
  - SocketRocket (0.5.1)
  - TTGTagCollectionView (2.0.1)
  - UICountingLabel (1.2.0)
  - "UITableView+FDTemplateLayoutCell (1.6)"
  - ZFPlayer/AVPlayer (4.0.3):
    - ZFPlayer/Core
  - ZFPlayer/ControlView (4.0.3):
    - ZFPlayer/Core
  - ZFPlayer/Core (4.0.3)
  - ZXingObjC (3.6.5):
    - ZXingObjC/All (= 3.6.5)
  - ZXingObjC/All (3.6.5)
  - ZYCornerRadius (1.0.2)

DEPENDENCIES:
  - BRPickerView
  - CYLTabBarController
  - IQKeyboardManager
  - JPush
  - LBXAlertAction (= 1.0.3)
  - lottie-ios (= 2.5.3)
  - Ono
  - PNChart
  - SocketRocket
  - TTGTagCollectionView
  - "UITableView+FDTemplateLayoutCell"
  - ZFPlayer/AVPlayer
  - ZFPlayer/ControlView
  - ZFPlayer/Core
  - ZXingObjC (~> 3.0)
  - ZYCornerRadius

SPEC REPOS:
  https://github.com/CocoaPods/Specs.git:
    - BRPickerView
    - CYLTabBarController
    - IQKeyboardManager
    - JCore
    - JPush
    - LBXAlertAction
    - lottie-ios
    - Ono
    - PNChart
    - SocketRocket
    - TTGTagCollectionView
    - UICountingLabel
    - "UITableView+FDTemplateLayoutCell"
    - ZFPlayer
    - ZXingObjC
    - ZYCornerRadius

SPEC CHECKSUMS:
  BRPickerView: 9cc11880ac79c4872d081ccb88f306224c1501d7
  CYLTabBarController: f5460b8446f82d016945d4d53895a1ef185b79e3
  IQKeyboardManager: 2a6e97afdafc7becf0cb17a9a8d795e3a980717f
  JCore: 9d5bda3a172c65bbe14f2806ab0f6246f8a06065
  JPush: 88d6361fbec4be7c8b55b20b7fe1c292228f6bc2
  LBXAlertAction: e904f511f0e44fde323e056691d7a8a99d71faba
  lottie-ios: a50d5c0160425cd4b01b852bb9578963e6d92d31
  Ono: 26a7c1fc4df13ece7747560a1d80655807a8a000
  PNChart: 84774d225c2126ded6c93d4dbe6ae98c3a73c2d2
  SocketRocket: d57c7159b83c3c6655745cd15302aa24b6bae531
  TTGTagCollectionView: 29d01ece199c257943ba490e9989734382cda5ae
  UICountingLabel: 1db4e7d023e1762171eb226d6dff47a7a84f27aa
  "UITableView+FDTemplateLayoutCell": 5c949b4a5059c404b442926c0e80f81d10a2d66f
  ZFPlayer: 624c92de06eb34df322c3b53b4c9ce760f528f7a
  ZXingObjC: fdbb269f25dd2032da343e06f10224d62f537bdb
  ZYCornerRadius: f0af817be7805b5c63d793042ca7a03f81e14069

PODFILE CHECKSUM: e90521ebaadf64cd9f9d966af625786e6109a9bf

COCOAPODS: 1.11.3
